
Microsoft Visual Studio Solution File, Format Version 12.00
# Visual Studio Version 17
VisualStudioVersion = 17.11.35222.181
MinimumVisualStudioVersion = 10.0.40219.1
Project("{FAE04EC0-301F-11D3-BF4B-00C04F79EFBC}") = "CleanCode&CodeStyle2", "CleanCode&CodeStyle2\CleanCode&CodeStyle2.csproj", "{8F182F61-C86C-47FF-BFED-26304E04E27F}"
EndProject
Global
	GlobalSection(SolutionConfigurationPlatforms) = preSolution
		Debug|Any CPU = Debug|Any CPU
		Release|Any CPU = Release|Any CPU
	EndGlobalSection
	GlobalSection(ProjectConfigurationPlatforms) = postSolution
		{8F182F61-C86C-47FF-BFED-26304E04E27F}.Debug|Any CPU.ActiveCfg = Debug|Any CPU
		{8F182F61-C86C-47FF-BFED-26304E04E27F}.Debug|Any CPU.Build.0 = Debug|Any CPU
		{8F182F61-C86C-47FF-BFED-26304E04E27F}.Release|Any CPU.ActiveCfg = Release|Any CPU
		{8F182F61-C86C-47FF-BFED-26304E04E27F}.Release|Any CPU.Build.0 = Release|Any CPU
	EndGlobalSection
	GlobalSection(SolutionProperties) = preSolution
		HideSolutionNode = FALSE
	EndGlobalSection
	GlobalSection(ExtensibilityGlobals) = postSolution
		SolutionGuid = {19381694-0579-4DC8-91C4-1461CBA3040D}
	EndGlobalSection
EndGlobal
